# This file is automatically @generated by Cargo.
# It is not intended for manual editing.
version = 4

[[package]]
name = "leafc"
version = "0.1.0"
dependencies = [
 "leafc_compiler",
 "leafc_coreapi",
 "leafc_diag",
 "leafc_hirlower",
 "leafc_lexer",
 "leafc_namepass",
 "leafc_parser",
 "leafc_tokenpass",
]

[[package]]
name = "leafc_compiler"
version = "0.1.0"
dependencies = [
 "leafc_coreapi",
 "leafc_diag",
 "leafc_hirlower",
 "leafc_namepass",
 "leafc_parser",
 "realworld_io_api",
]

[[package]]
name = "leafc_coreapi"
version = "0.1.0"

[[package]]
name = "leafc_diag"
version = "0.1.0"
dependencies = [
 "leafc_coreapi",
]

[[package]]
name = "leafc_hirlower"
version = "0.1.0"
dependencies = [
 "leafc_coreapi",
]

[[package]]
name = "leafc_lexer"
version = "0.1.0"
dependencies = [
 "leafc_coreapi",
]

[[package]]
name = "leafc_namepass"
version = "0.1.0"
dependencies = [
 "leafc_coreapi",
]

[[package]]
name = "leafc_parser"
version = "0.1.0"
dependencies = [
 "leafc_coreapi",
 "leafc_lexer",
 "leafc_tokenpass",
]

[[package]]
name = "leafc_tokenpass"
version = "0.1.0"
dependencies = [
 "leafc_coreapi",
]

[[package]]
name = "realworld_io_api"
version = "0.1.0"
