# This file is automatically @generated by Cargo.
# It is not intended for manual editing.
version = 4

[[package]]
name = "leafc"
version = "0.1.0"
dependencies = [
 "leafc_compiler",
 "leafc_coreapi",
 "leafc_diag",
 "leafc_hirlower",
 "leafc_lexer",
 "leafc_namepass",
 "leafc_parser",
 "leafc_tokenpass",
]

[[package]]
name = "leafc_compiler"
version = "0.1.0"
dependencies = [
 "leafc_coreapi",
 "leafc_diag",
 "leafc_hirlower",
 "leafc_namepass",
 "leafc_parser",
 "leafc_typechecker",
 "realworld_io_api",
]

[[package]]
name = "leafc_coreapi"
version = "0.1.0"

[[package]]
name = "leafc_diag"
version = "0.1.0"
dependencies = [
 "leafc_coreapi",
]

[[package]]
name = "leafc_hirlower"
version = "0.1.0"
dependencies = [
 "leafc_coreapi",
]

[[package]]
name = "leafc_lexer"
version = "0.1.0"
dependencies = [
 "leafc_coreapi",
 "unicode-xid",
]

[[package]]
name = "leafc_namepass"
version = "0.1.0"
dependencies = [
 "leafc_coreapi",
]

[[package]]
name = "leafc_parser"
version = "0.1.0"
dependencies = [
 "leafc_coreapi",
 "leafc_lexer",
 "leafc_tokenpass",
]

[[package]]
name = "leafc_tokenpass"
version = "0.1.0"
dependencies = [
 "leafc_coreapi",
]

[[package]]
name = "leafc_typechecker"
version = "0.1.0"
dependencies = [
 "leafc_coreapi",
]

[[package]]
name = "realworld_io_api"
version = "0.1.0"

[[package]]
name = "unicode-xid"
version = "0.2.6"
source = "registry+https://github.com/rust-lang/crates.io-index"
checksum = "ebc1c04c71510c7f702b52b7c350734c9ff1295c464a03335b00bb84fc54f853"
